
Microsoft Visual Studio Solution File, Format Version 12.00
# Visual Studio Version 16
VisualStudioVersion = 16.0.30804.86
MinimumVisualStudioVersion = 10.0.40219.1
Project("{FAE04EC0-301F-11D3-BF4B-00C04F79EFBC}") = "AudioSessionMonitorExample", "AudioSessionMonitorExample.csproj", "{C23FC642-D42B-4F1E-8BD4-C2BADA3204FC}"
EndProject
Global
	GlobalSection(SolutionConfigurationPlatforms) = preSolution
		Debug|Any CPU = Debug|Any CPU
		Release|Any CPU = Release|Any CPU
	EndGlobalSection
	GlobalSection(ProjectConfigurationPlatforms) = postSolution
		{C23FC642-D42B-4F1E-8BD4-C2BADA3204FC}.Debug|Any CPU.ActiveCfg = Debug|Any CPU
		{C23FC642-D42B-4F1E-8BD4-C2BADA3204FC}.Debug|Any CPU.Build.0 = Debug|Any CPU
		{C23FC642-D42B-4F1E-8BD4-C2BADA3204FC}.Release|Any CPU.ActiveCfg = Release|Any CPU
		{C23FC642-D42B-4F1E-8BD4-C2BADA3204FC}.Release|Any CPU.Build.0 = Release|Any CPU
	EndGlobalSection
	GlobalSection(SolutionProperties) = preSolution
		HideSolutionNode = FALSE
	EndGlobalSection
	GlobalSection(ExtensibilityGlobals) = postSolution
		SolutionGuid = {F02A59AE-76B4-4CA3-8876-44C102DCAF1B}
	EndGlobalSection
EndGlobal
